
Microsoft Visual Studio Solution File, Format Version 12.00
# Visual Studio Version 16
VisualStudioVersion = 16.0.29318.209
MinimumVisualStudioVersion = 10.0.40219.1
Project("{9A19103F-16F7-4668-BE54-9A1E7A4F7556}") = "RateLimitWebApi", "RateLimitWebApi\RateLimitWebApi.csproj", "{5827AB14-C3AE-45AA-B6F8-125800A10742}"
EndProject
Project("{9A19103F-16F7-4668-BE54-9A1E7A4F7556}") = "RateLimitWebApi.IntegrationTests", "RateLimitWebApi.IntegrationTests\RateLimitWebApi.IntegrationTests.csproj", "{01370D66-7673-4691-A099-57B93EB7D151}"
EndProject
Project("{FAE04EC0-301F-11D3-BF4B-00C04F79EFBC}") = "RateLimitModule", "RateLimitModule\RateLimitModule.csproj", "{6517443A-4A61-473D-8122-A0F424539CEA}"
EndProject
Global
	GlobalSection(SolutionConfigurationPlatforms) = preSolution
		Debug|Any CPU = Debug|Any CPU
		Release|Any CPU = Release|Any CPU
	EndGlobalSection
	GlobalSection(ProjectConfigurationPlatforms) = postSolution
		{5827AB14-C3AE-45AA-B6F8-125800A10742}.Debug|Any CPU.ActiveCfg = Debug|Any CPU
		{5827AB14-C3AE-45AA-B6F8-125800A10742}.Debug|Any CPU.Build.0 = Debug|Any CPU
		{5827AB14-C3AE-45AA-B6F8-125800A10742}.Release|Any CPU.ActiveCfg = Release|Any CPU
		{5827AB14-C3AE-45AA-B6F8-125800A10742}.Release|Any CPU.Build.0 = Release|Any CPU
		{01370D66-7673-4691-A099-57B93EB7D151}.Debug|Any CPU.ActiveCfg = Debug|Any CPU
		{01370D66-7673-4691-A099-57B93EB7D151}.Debug|Any CPU.Build.0 = Debug|Any CPU
		{01370D66-7673-4691-A099-57B93EB7D151}.Release|Any CPU.ActiveCfg = Release|Any CPU
		{01370D66-7673-4691-A099-57B93EB7D151}.Release|Any CPU.Build.0 = Release|Any CPU
		{6517443A-4A61-473D-8122-A0F424539CEA}.Debug|Any CPU.ActiveCfg = Debug|Any CPU
		{6517443A-4A61-473D-8122-A0F424539CEA}.Debug|Any CPU.Build.0 = Debug|Any CPU
		{6517443A-4A61-473D-8122-A0F424539CEA}.Release|Any CPU.ActiveCfg = Release|Any CPU
		{6517443A-4A61-473D-8122-A0F424539CEA}.Release|Any CPU.Build.0 = Release|Any CPU
	EndGlobalSection
	GlobalSection(SolutionProperties) = preSolution
		HideSolutionNode = FALSE
	EndGlobalSection
	GlobalSection(ExtensibilityGlobals) = postSolution
		SolutionGuid = {72B7C580-1B1A-45C2-AB20-78B51FA5A884}
	EndGlobalSection
EndGlobal
